
Microsoft Visual Studio Solution File, Format Version 12.00
# Visual Studio Version 17
VisualStudioVersion = 17.5.002.0
MinimumVisualStudioVersion = 10.0.40219.1
Project("{9A19103F-16F7-4668-BE54-9A1E7A4F7556}") = "Point2D_and_Point3D", "Point2D_and_Point3D.csproj", "{81A30764-D968-4512-AA47-292114E8E6AB}"
EndProject
Global
	GlobalSection(SolutionConfigurationPlatforms) = preSolution
		Debug|Any CPU = Debug|Any CPU
		Release|Any CPU = Release|Any CPU
	EndGlobalSection
	GlobalSection(ProjectConfigurationPlatforms) = postSolution
		{81A30764-D968-4512-AA47-292114E8E6AB}.Debug|Any CPU.ActiveCfg = Debug|Any CPU
		{81A30764-D968-4512-AA47-292114E8E6AB}.Debug|Any CPU.Build.0 = Debug|Any CPU
		{81A30764-D968-4512-AA47-292114E8E6AB}.Release|Any CPU.ActiveCfg = Release|Any CPU
		{81A30764-D968-4512-AA47-292114E8E6AB}.Release|Any CPU.Build.0 = Release|Any CPU
	EndGlobalSection
	GlobalSection(SolutionProperties) = preSolution
		HideSolutionNode = FALSE
	EndGlobalSection
	GlobalSection(ExtensibilityGlobals) = postSolution
		SolutionGuid = {CE562BBA-BE0D-4DBE-83E0-EB17D24F1C46}
	EndGlobalSection
EndGlobal
